// !$*UTF8*$!
{
	archiveVersion = 1;
	classes = {
	};
	objectVersion = 55;
	objects = {

/* Begin PBXBuildFile section */
		D3129DA827C19788007BDDE4 /* BAHNSCHRIFT 12.TTF in Resources */ = {isa = PBXBuildFile; fileRef = D3129DA727C19788007BDDE4 /* BAHNSCHRIFT 12.TTF */; };
		D3129DAB27C1A797007BDDE4 /* MapAnn.swift in Sources */ = {isa = PBXBuildFile; fileRef = D3129DAA27C1A797007BDDE4 /* MapAnn.swift */; };
		D3129DAD27C1AE25007BDDE4 /* LocationMapAnnotationView.swift in Sources */ = {isa = PBXBuildFile; fileRef = D3129DAC27C1AE25007BDDE4 /* LocationMapAnnotationView.swift */; };
		D341363927C04EDE008C55B7 /* ContentViewModel.swift in Sources */ = {isa = PBXBuildFile; fileRef = D341363827C04EDE008C55B7 /* ContentViewModel.swift */; };
		D34AD85127C14EC1005B86D6 /* LoginView.swift in Sources */ = {isa = PBXBuildFile; fileRef = D34AD85027C14EC1005B86D6 /* LoginView.swift */; };
		D34AD85327C14F33005B86D6 /* Credentials.swift in Sources */ = {isa = PBXBuildFile; fileRef = D34AD85227C14F33005B86D6 /* Credentials.swift */; };
		D34AD85727C14F7D005B86D6 /* APIService.swift in Sources */ = {isa = PBXBuildFile; fileRef = D34AD85627C14F7D005B86D6 /* APIService.swift */; };
		D34AD85B27C15B22005B86D6 /* UIApplication+Extension.swift in Sources */ = {isa = PBXBuildFile; fileRef = D34AD85A27C15B22005B86D6 /* UIApplication+Extension.swift */; };
		D34AD85D27C15CE6005B86D6 /* LoginViewPage.swift in Sources */ = {isa = PBXBuildFile; fileRef = D34AD85C27C15CE6005B86D6 /* LoginViewPage.swift */; };
		D34AD85F27C15EAE005B86D6 /* Authentication.swift in Sources */ = {isa = PBXBuildFile; fileRef = D34AD85E27C15EAE005B86D6 /* Authentication.swift */; };
		D34AD86327C16601005B86D6 /* vibdark.jpeg in Resources */ = {isa = PBXBuildFile; fileRef = D34AD86227C16601005B86D6 /* vibdark.jpeg */; };
		D398E85C27BC3DD600C35D38 /* VIBRUNCEApp.swift in Sources */ = {isa = PBXBuildFile; fileRef = D398E85B27BC3DD600C35D38 /* VIBRUNCEApp.swift */; };
		D398E85E27BC3DD600C35D38 /* ContentView.swift in Sources */ = {isa = PBXBuildFile; fileRef = D398E85D27BC3DD600C35D38 /* ContentView.swift */; };
		D398E86027BC3DD800C35D38 /* Assets.xcassets in Resources */ = {isa = PBXBuildFile; fileRef = D398E85F27BC3DD800C35D38 /* Assets.xcassets */; };
		D398E86327BC3DD800C35D38 /* Preview Assets.xcassets in Resources */ = {isa = PBXBuildFile; fileRef = D398E86227BC3DD800C35D38 /* Preview Assets.xcassets */; };
		D398E86D27BC3DD900C35D38 /* VIBRUNCETests.swift in Sources */ = {isa = PBXBuildFile; fileRef = D398E86C27BC3DD900C35D38 /* VIBRUNCETests.swift */; };
		D398E87727BC3DD900C35D38 /* VIBRUNCEUITests.swift in Sources */ = {isa = PBXBuildFile; fileRef = D398E87627BC3DD900C35D38 /* VIBRUNCEUITests.swift */; };
		D398E87927BC3DD900C35D38 /* VIBRUNCEUITestsLaunchTests.swift in Sources */ = {isa = PBXBuildFile; fileRef = D398E87827BC3DD900C35D38 /* VIBRUNCEUITestsLaunchTests.swift */; };
/* End PBXBuildFile section */

/* Begin PBXContainerItemProxy section */
		D398E86927BC3DD900C35D38 /* PBXContainerItemProxy */ = {
			isa = PBXContainerItemProxy;
			containerPortal = D398E85027BC3DD600C35D38 /* Project object */;
			proxyType = 1;
			remoteGlobalIDString = D398E85727BC3DD600C35D38;
			remoteInfo = VIBRUNCE;
		};
		D398E87327BC3DD900C35D38 /* PBXContainerItemProxy */ = {
			isa = PBXContainerItemProxy;
			containerPortal = D398E85027BC3DD600C35D38 /* Project object */;
			proxyType = 1;
			remoteGlobalIDString = D398E85727BC3DD600C35D38;
			remoteInfo = VIBRUNCE;
		};
/* End PBXContainerItemProxy section */

/* Begin PBXFileReference section */
		D3129DA727C19788007BDDE4 /* BAHNSCHRIFT 12.TTF */ = {isa = PBXFileReference; lastKnownFileType = file; name = "BAHNSCHRIFT 12.TTF"; path = "../../Downloads/Bahnschrift-Font-Family/BAHNSCHRIFT 12.TTF"; sourceTree = "<group>"; };
		D3129DA927C197A9007BDDE4 /* Info.plist */ = {isa = PBXFileReference; lastKnownFileType = text.plist; path = Info.plist; sourceTree = "<group>"; };
		D3129DAA27C1A797007BDDE4 /* MapAnn.swift */ = {isa = PBXFileReference; lastKnownFileType = sourcecode.swift; path = MapAnn.swift; sourceTree = "<group>"; };
		D3129DAC27C1AE25007BDDE4 /* LocationMapAnnotationView.swift */ = {isa = PBXFileReference; lastKnownFileType = sourcecode.swift; path = LocationMapAnnotationView.swift; sourceTree = "<group>"; };
		D341363827C04EDE008C55B7 /* ContentViewModel.swift */ = {isa = PBXFileReference; lastKnownFileType = sourcecode.swift; path = ContentViewModel.swift; sourceTree = "<group>"; };
		D34AD85027C14EC1005B86D6 /* LoginView.swift */ = {isa = PBXFileReference; lastKnownFileType = sourcecode.swift; path = LoginView.swift; sourceTree = "<group>"; };
		D34AD85227C14F33005B86D6 /* Credentials.swift */ = {isa = PBXFileReference; lastKnownFileType = sourcecode.swift; path = Credentials.swift; sourceTree = "<group>"; };
		D34AD85627C14F7D005B86D6 /* APIService.swift */ = {isa = PBXFileReference; lastKnownFileType = sourcecode.swift; path = APIService.swift; sourceTree = "<group>"; };
		D34AD85A27C15B22005B86D6 /* UIApplication+Extension.swift */ = {isa = PBXFileReference; lastKnownFileType = sourcecode.swift; path = "UIApplication+Extension.swift"; sourceTree = "<group>"; };
		D34AD85C27C15CE6005B86D6 /* LoginViewPage.swift */ = {isa = PBXFileReference; lastKnownFileType = sourcecode.swift; path = LoginViewPage.swift; sourceTree = "<group>"; };
		D34AD85E27C15EAE005B86D6 /* Authentication.swift */ = {isa = PBXFileReference; lastKnownFileType = sourcecode.swift; path = Authentication.swift; sourceTree = "<group>"; };
		D34AD86227C16601005B86D6 /* vibdark.jpeg */ = {isa = PBXFileReference; lastKnownFileType = image.jpeg; name = vibdark.jpeg; path = ../../Downloads/vibdark.jpeg; sourceTree = "<group>"; };
		D398E85827BC3DD600C35D38 /* VIBRUNCE.app */ = {isa = PBXFileReference; explicitFileType = wrapper.application; includeInIndex = 0; path = VIBRUNCE.app; sourceTree = BUILT_PRODUCTS_DIR; };
		D398E85B27BC3DD600C35D38 /* VIBRUNCEApp.swift */ = {isa = PBXFileReference; lastKnownFileType = sourcecode.swift; path = VIBRUNCEApp.swift; sourceTree = "<group>"; };
		D398E85D27BC3DD600C35D38 /* ContentView.swift */ = {isa = PBXFileReference; lastKnownFileType = sourcecode.swift; path = ContentView.swift; sourceTree = "<group>"; };
		D398E85F27BC3DD800C35D38 /* Assets.xcassets */ = {isa = PBXFileReference; lastKnownFileType = folder.assetcatalog; path = Assets.xcassets; sourceTree = "<group>"; };
		D398E86227BC3DD800C35D38 /* Preview Assets.xcassets */ = {isa = PBXFileReference; lastKnownFileType = folder.assetcatalog; path = "Preview Assets.xcassets"; sourceTree = "<group>"; };
		D398E86827BC3DD900C35D38 /* VIBRUNCETests.xctest */ = {isa = PBXFileReference; explicitFileType = wrapper.cfbundle; includeInIndex = 0; path = VIBRUNCETests.xctest; sourceTree = BUILT_PRODUCTS_DIR; };
		D398E86C27BC3DD900C35D38 /* VIBRUNCETests.swift */ = {isa = PBXFileReference; lastKnownFileType = sourcecode.swift; path = VIBRUNCETests.swift; sourceTree = "<group>"; };
		D398E87227BC3DD900C35D38 /* VIBRUNCEUITests.xctest */ = {isa = PBXFileReference; explicitFileType = wrapper.cfbundle; includeInIndex = 0; path = VIBRUNCEUITests.xctest; sourceTree = BUILT_PRODUCTS_DIR; };
		D398E87627BC3DD900C35D38 /* VIBRUNCEUITests.swift */ = {isa = PBXFileReference; lastKnownFileType = sourcecode.swift; path = VIBRUNCEUITests.swift; sourceTree = "<group>"; };
		D398E87827BC3DD900C35D38 /* VIBRUNCEUITestsLaunchTests.swift */ = {isa = PBXFileReference; lastKnownFileType = sourcecode.swift; path = VIBRUNCEUITestsLaunchTests.swift; sourceTree = "<group>"; };
/* End PBXFileReference section */

/* Begin PBXFrameworksBuildPhase section */
		D398E85527BC3DD600C35D38 /* Frameworks */ = {
			isa = PBXFrameworksBuildPhase;
			buildActionMask = 2147483647;
			files = (
			);
			runOnlyForDeploymentPostprocessing = 0;
		};
		D398E86527BC3DD900C35D38 /* Frameworks */ = {
			isa = PBXFrameworksBuildPhase;
			buildActionMask = 2147483647;
			files = (
			);
			runOnlyForDeploymentPostprocessing = 0;
		};
		D398E86F27BC3DD900C35D38 /* Frameworks */ = {
			isa = PBXFrameworksBuildPhase;
			buildActionMask = 2147483647;
			files = (
			);
			runOnlyForDeploymentPostprocessing = 0;
		};
/* End PBXFrameworksBuildPhase section */

/* Begin PBXGroup section */
		D398E84F27BC3DD600C35D38 = {
			isa = PBXGroup;
			children = (
				D398E85A27BC3DD600C35D38 /* VIBRUNCE */,
				D398E86B27BC3DD900C35D38 /* VIBRUNCETests */,
				D398E87527BC3DD900C35D38 /* VIBRUNCEUITests */,
				D398E85927BC3DD600C35D38 /* Products */,
			);
			sourceTree = "<group>";
		};
		D398E85927BC3DD600C35D38 /* Products */ = {
			isa = PBXGroup;
			children = (
				D398E85827BC3DD600C35D38 /* VIBRUNCE.app */,
				D398E86827BC3DD900C35D38 /* VIBRUNCETests.xctest */,
				D398E87227BC3DD900C35D38 /* VIBRUNCEUITests.xctest */,
			);
			name = Products;
			sourceTree = "<group>";
		};
		D398E85A27BC3DD600C35D38 /* VIBRUNCE */ = {
			isa = PBXGroup;
			children = (
				D3129DA927C197A9007BDDE4 /* Info.plist */,
				D3129DA727C19788007BDDE4 /* BAHNSCHRIFT 12.TTF */,
				D398E85B27BC3DD600C35D38 /* VIBRUNCEApp.swift */,
				D34AD85E27C15EAE005B86D6 /* Authentication.swift */,
				D398E85D27BC3DD600C35D38 /* ContentView.swift */,
				D398E85F27BC3DD800C35D38 /* Assets.xcassets */,
				D34AD86227C16601005B86D6 /* vibdark.jpeg */,
				D398E86127BC3DD800C35D38 /* Preview Content */,
				D341363827C04EDE008C55B7 /* ContentViewModel.swift */,
				D34AD85027C14EC1005B86D6 /* LoginView.swift */,
				D34AD85227C14F33005B86D6 /* Credentials.swift */,
				D34AD85627C14F7D005B86D6 /* APIService.swift */,
				D34AD85A27C15B22005B86D6 /* UIApplication+Extension.swift */,
				D34AD85C27C15CE6005B86D6 /* LoginViewPage.swift */,
				D3129DAA27C1A797007BDDE4 /* MapAnn.swift */,
				D3129DAC27C1AE25007BDDE4 /* LocationMapAnnotationView.swift */,
			);
			path = VIBRUNCE;
			sourceTree = "<group>";
		};
		D398E86127BC3DD800C35D38 /* Preview Content */ = {
			isa = PBXGroup;
			children = (
				D398E86227BC3DD800C35D38 /* Preview Assets.xcassets */,
			);
			path = "Preview Content";
			sourceTree = "<group>";
		};
		D398E86B27BC3DD900C35D38 /* VIBRUNCETests */ = {
			isa = PBXGroup;
			children = (
				D398E86C27BC3DD900C35D38 /* VIBRUNCETests.swift */,
			);
			path = VIBRUNCETests;
			sourceTree = "<group>";
		};
		D398E87527BC3DD900C35D38 /* VIBRUNCEUITests */ = {
			isa = PBXGroup;
			children = (
				D398E87627BC3DD900C35D38 /* VIBRUNCEUITests.swift */,
				D398E87827BC3DD900C35D38 /* VIBRUNCEUITestsLaunchTests.swift */,
			);
			path = VIBRUNCEUITests;
			sourceTree = "<group>";
		};
/* End PBXGroup section */

/* Begin PBXNativeTarget section */
		D398E85727BC3DD600C35D38 /* VIBRUNCE */ = {
			isa = PBXNativeTarget;
			buildConfigurationList = D398E87C27BC3DD900C35D38 /* Build configuration list for PBXNativeTarget "VIBRUNCE" */;
			buildPhases = (
				D398E85427BC3DD600C35D38 /* Sources */,
				D398E85527BC3DD600C35D38 /* Frameworks */,
				D398E85627BC3DD600C35D38 /* Resources */,
			);
			buildRules = (
			);
			dependencies = (
			);
			name = VIBRUNCE;
			productName = VIBRUNCE;
			productReference = D398E85827BC3DD600C35D38 /* VIBRUNCE.app */;
			productType = "com.apple.product-type.application";
		};
		D398E86727BC3DD900C35D38 /* VIBRUNCETests */ = {
			isa = PBXNativeTarget;
			buildConfigurationList = D398E87F27BC3DD900C35D38 /* Build configuration list for PBXNativeTarget "VIBRUNCETests" */;
			buildPhases = (
				D398E86427BC3DD900C35D38 /* Sources */,
				D398E86527BC3DD900C35D38 /* Frameworks */,
				D398E86627BC3DD900C35D38 /* Resources */,
			);
			buildRules = (
			);
			dependencies = (
				D398E86A27BC3DD900C35D38 /* PBXTargetDependency */,
			);
			name = VIBRUNCETests;
			productName = VIBRUNCETests;
			productReference = D398E86827BC3DD900C35D38 /* VIBRUNCETests.xctest */;
			productType = "com.apple.product-type.bundle.unit-test";
		};
		D398E87127BC3DD900C35D38 /* VIBRUNCEUITests */ = {
			isa = PBXNativeTarget;
			buildConfigurationList = D398E88227BC3DD900C35D38 /* Build configuration list for PBXNativeTarget "VIBRUNCEUITests" */;
			buildPhases = (
				D398E86E27BC3DD900C35D38 /* Sources */,
				D398E86F27BC3DD900C35D38 /* Frameworks */,
				D398E87027BC3DD900C35D38 /* Resources */,
			);
			buildRules = (
			);
			dependencies = (
				D398E87427BC3DD900C35D38 /* PBXTargetDependency */,
			);
			name = VIBRUNCEUITests;
			productName = VIBRUNCEUITests;
			productReference = D398E87227BC3DD900C35D38 /* VIBRUNCEUITests.xctest */;
			productType = "com.apple.product-type.bundle.ui-testing";
		};
/* End PBXNativeTarget section */

/* Begin PBXProject section */
		D398E85027BC3DD600C35D38 /* Project object */ = {
			isa = PBXProject;
			attributes = {
				BuildIndependentTargetsInParallel = 1;
				LastSwiftUpdateCheck = 1320;
				LastUpgradeCheck = 1320;
				TargetAttributes = {
					D398E85727BC3DD600C35D38 = {
						CreatedOnToolsVersion = 13.2.1;
					};
					D398E86727BC3DD900C35D38 = {
						CreatedOnToolsVersion = 13.2.1;
						TestTargetID = D398E85727BC3DD600C35D38;
					};
					D398E87127BC3DD900C35D38 = {
						CreatedOnToolsVersion = 13.2.1;
						TestTargetID = D398E85727BC3DD600C35D38;
					};
				};
			};
			buildConfigurationList = D398E85327BC3DD600C35D38 /* Build configuration list for PBXProject "VIBRUNCE" */;
			compatibilityVersion = "Xcode 13.0";
			developmentRegion = en;
			hasScannedForEncodings = 0;
			knownRegions = (
				en,
				Base,
			);
			mainGroup = D398E84F27BC3DD600C35D38;
			productRefGroup = D398E85927BC3DD600C35D38 /* Products */;
			projectDirPath = "";
			projectRoot = "";
			targets = (
				D398E85727BC3DD600C35D38 /* VIBRUNCE */,
				D398E86727BC3DD900C35D38 /* VIBRUNCETests */,
				D398E87127BC3DD900C35D38 /* VIBRUNCEUITests */,
			);
		};
/* End PBXProject section */

/* Begin PBXResourcesBuildPhase section */
		D398E85627BC3DD600C35D38 /* Resources */ = {
			isa = PBXResourcesBuildPhase;
			buildActionMask = 2147483647;
			files = (
				D398E86327BC3DD800C35D38 /* Preview Assets.xcassets in Resources */,
				D3129DA827C19788007BDDE4 /* BAHNSCHRIFT 12.TTF in Resources */,
				D34AD86327C16601005B86D6 /* vibdark.jpeg in Resources */,
				D398E86027BC3DD800C35D38 /* Assets.xcassets in Resources */,
			);
			runOnlyForDeploymentPostprocessing = 0;
		};
		D398E86627BC3DD900C35D38 /* Resources */ = {
			isa = PBXResourcesBuildPhase;
			buildActionMask = 2147483647;
			files = (
			);
			runOnlyForDeploymentPostprocessing = 0;
		};
		D398E87027BC3DD900C35D38 /* Resources */ = {
			isa = PBXResourcesBuildPhase;
			buildActionMask = 2147483647;
			files = (
			);
			runOnlyForDeploymentPostprocessing = 0;
		};
/* End PBXResourcesBuildPhase section */

/* Begin PBXSourcesBuildPhase section */
		D398E85427BC3DD600C35D38 /* Sources */ = {
			isa = PBXSourcesBuildPhase;
			buildActionMask = 2147483647;
			files = (
				D3129DAB27C1A797007BDDE4 /* MapAnn.swift in Sources */,
				D398E85E27BC3DD600C35D38 /* ContentView.swift in Sources */,
				D398E85C27BC3DD600C35D38 /* VIBRUNCEApp.swift in Sources */,
				D34AD85327C14F33005B86D6 /* Credentials.swift in Sources */,
				D34AD85127C14EC1005B86D6 /* LoginView.swift in Sources */,
				D34AD85727C14F7D005B86D6 /* APIService.swift in Sources */,
				D341363927C04EDE008C55B7 /* ContentViewModel.swift in Sources */,
				D34AD85B27C15B22005B86D6 /* UIApplication+Extension.swift in Sources */,
				D34AD85D27C15CE6005B86D6 /* LoginViewPage.swift in Sources */,
				D34AD85F27C15EAE005B86D6 /* Authentication.swift in Sources */,
				D3129DAD27C1AE25007BDDE4 /* LocationMapAnnotationView.swift in Sources */,
			);
			runOnlyForDeploymentPostprocessing = 0;
		};
		D398E86427BC3DD900C35D38 /* Sources */ = {
			isa = PBXSourcesBuildPhase;
			buildActionMask = 2147483647;
			files = (
				D398E86D27BC3DD900C35D38 /* VIBRUNCETests.swift in Sources */,
			);
			runOnlyForDeploymentPostprocessing = 0;
		};
		D398E86E27BC3DD900C35D38 /* Sources */ = {
			isa = PBXSourcesBuildPhase;
			buildActionMask = 2147483647;
			files = (
				D398E87927BC3DD900C35D38 /* VIBRUNCEUITestsLaunchTests.swift in Sources */,
				D398E87727BC3DD900C35D38 /* VIBRUNCEUITests.swift in Sources */,
			);
			runOnlyForDeploymentPostprocessing = 0;
		};
/* End PBXSourcesBuildPhase section */

/* Begin PBXTargetDependency section */
		D398E86A27BC3DD900C35D38 /* PBXTargetDependency */ = {
			isa = PBXTargetDependency;
			target = D398E85727BC3DD600C35D38 /* VIBRUNCE */;
			targetProxy = D398E86927BC3DD900C35D38 /* PBXContainerItemProxy */;
		};
		D398E87427BC3DD900C35D38 /* PBXTargetDependency */ = {
			isa = PBXTargetDependency;
			target = D398E85727BC3DD600C35D38 /* VIBRUNCE */;
			targetProxy = D398E87327BC3DD900C35D38 /* PBXContainerItemProxy */;
		};
/* End PBXTargetDependency section */

/* Begin XCBuildConfiguration section */
		D398E87A27BC3DD900C35D38 /* Debug */ = {
			isa = XCBuildConfiguration;
			buildSettings = {
				ALWAYS_SEARCH_USER_PATHS = NO;
				CLANG_ANALYZER_NONNULL = YES;
				CLANG_ANALYZER_NUMBER_OBJECT_CONVERSION = YES_AGGRESSIVE;
				CLANG_CXX_LANGUAGE_STANDARD = "gnu++17";
				CLANG_CXX_LIBRARY = "libc++";
				CLANG_ENABLE_MODULES = YES;
				CLANG_ENABLE_OBJC_ARC = YES;
				CLANG_ENABLE_OBJC_WEAK = YES;
				CLANG_WARN_BLOCK_CAPTURE_AUTORELEASING = YES;
				CLANG_WARN_BOOL_CONVERSION = YES;
				CLANG_WARN_COMMA = YES;
				CLANG_WARN_CONSTANT_CONVERSION = YES;
				CLANG_WARN_DEPRECATED_OBJC_IMPLEMENTATIONS = YES;
				CLANG_WARN_DIRECT_OBJC_ISA_USAGE = YES_ERROR;
				CLANG_WARN_DOCUMENTATION_COMMENTS = YES;
				CLANG_WARN_EMPTY_BODY = YES;
				CLANG_WARN_ENUM_CONVERSION = YES;
				CLANG_WARN_INFINITE_RECURSION = YES;
				CLANG_WARN_INT_CONVERSION = YES;
				CLANG_WARN_NON_LITERAL_NULL_CONVERSION = YES;
				CLANG_WARN_OBJC_IMPLICIT_RETAIN_SELF = YES;
				CLANG_WARN_OBJC_LITERAL_CONVERSION = YES;
				CLANG_WARN_OBJC_ROOT_CLASS = YES_ERROR;
				CLANG_WARN_QUOTED_INCLUDE_IN_FRAMEWORK_HEADER = YES;
				CLANG_WARN_RANGE_LOOP_ANALYSIS = YES;
				CLANG_WARN_STRICT_PROTOTYPES = YES;
				CLANG_WARN_SUSPICIOUS_MOVE = YES;
				CLANG_WARN_UNGUARDED_AVAILABILITY = YES_AGGRESSIVE;
				CLANG_WARN_UNREACHABLE_CODE = YES;
				CLANG_WARN__DUPLICATE_METHOD_MATCH = YES;
				COPY_PHASE_STRIP = NO;
				DEBUG_INFORMATION_FORMAT = dwarf;
				ENABLE_STRICT_OBJC_MSGSEND = YES;
				ENABLE_TESTABILITY = YES;
				GCC_C_LANGUAGE_STANDARD = gnu11;
				GCC_DYNAMIC_NO_PIC = NO;
				GCC_NO_COMMON_BLOCKS = YES;
				GCC_OPTIMIZATION_LEVEL = 0;
				GCC_PREPROCESSOR_DEFINITIONS = (
					"DEBUG=1",
					"$(inherited)",
				);
				GCC_WARN_64_TO_32_BIT_CONVERSION = YES;
				GCC_WARN_ABOUT_RETURN_TYPE = YES_ERROR;
				GCC_WARN_UNDECLARED_SELECTOR = YES;
				GCC_WARN_UNINITIALIZED_AUTOS = YES_AGGRESSIVE;
				GCC_WARN_UNUSED_FUNCTION = YES;
				GCC_WARN_UNUSED_VARIABLE = YES;
				IPHONEOS_DEPLOYMENT_TARGET = 15.2;
				MTL_ENABLE_DEBUG_INFO = INCLUDE_SOURCE;
				MTL_FAST_MATH = YES;
				ONLY_ACTIVE_ARCH = YES;
				SDKROOT = iphoneos;
				SWIFT_ACTIVE_COMPILATION_CONDITIONS = DEBUG;
				SWIFT_OPTIMIZATION_LEVEL = "-Onone";
			};
			name = Debug;
		};
		D398E87B27BC3DD900C35D38 /* Release */ = {
			isa = XCBuildConfiguration;
			buildSettings = {
				ALWAYS_SEARCH_USER_PATHS = NO;
				CLANG_ANALYZER_NONNULL = YES;
				CLANG_ANALYZER_NUMBER_OBJECT_CONVERSION = YES_AGGRESSIVE;
				CLANG_CXX_LANGUAGE_STANDARD = "gnu++17";
				CLANG_CXX_LIBRARY = "libc++";
				CLANG_ENABLE_MODULES = YES;
				CLANG_ENABLE_OBJC_ARC = YES;
				CLANG_ENABLE_OBJC_WEAK = YES;
				CLANG_WARN_BLOCK_CAPTURE_AUTORELEASING = YES;
				CLANG_WARN_BOOL_CONVERSION = YES;
				CLANG_WARN_COMMA = YES;
				CLANG_WARN_CONSTANT_CONVERSION = YES;
				CLANG_WARN_DEPRECATED_OBJC_IMPLEMENTATIONS = YES;
				CLANG_WARN_DIRECT_OBJC_ISA_USAGE = YES_ERROR;
				CLANG_WARN_DOCUMENTATION_COMMENTS = YES;
				CLANG_WARN_EMPTY_BODY = YES;
				CLANG_WARN_ENUM_CONVERSION = YES;
				CLANG_WARN_INFINITE_RECURSION = YES;
				CLANG_WARN_INT_CONVERSION = YES;
				CLANG_WARN_NON_LITERAL_NULL_CONVERSION = YES;
				CLANG_WARN_OBJC_IMPLICIT_RETAIN_SELF = YES;
				CLANG_WARN_OBJC_LITERAL_CONVERSION = YES;
				CLANG_WARN_OBJC_ROOT_CLASS = YES_ERROR;
				CLANG_WARN_QUOTED_INCLUDE_IN_FRAMEWORK_HEADER = YES;
				CLANG_WARN_RANGE_LOOP_ANALYSIS = YES;
				CLANG_WARN_STRICT_PROTOTYPES = YES;
				CLANG_WARN_SUSPICIOUS_MOVE = YES;
				CLANG_WARN_UNGUARDED_AVAILABILITY = YES_AGGRESSIVE;
				CLANG_WARN_UNREACHABLE_CODE = YES;
				CLANG_WARN__DUPLICATE_METHOD_MATCH = YES;
				COPY_PHASE_STRIP = NO;
				DEBUG_INFORMATION_FORMAT = "dwarf-with-dsym";
				ENABLE_NS_ASSERTIONS = NO;
				ENABLE_STRICT_OBJC_MSGSEND = YES;
				GCC_C_LANGUAGE_STANDARD = gnu11;
				GCC_NO_COMMON_BLOCKS = YES;
				GCC_WARN_64_TO_32_BIT_CONVERSION = YES;
				GCC_WARN_ABOUT_RETURN_TYPE = YES_ERROR;
				GCC_WARN_UNDECLARED_SELECTOR = YES;
				GCC_WARN_UNINITIALIZED_AUTOS = YES_AGGRESSIVE;
				GCC_WARN_UNUSED_FUNCTION = YES;
				GCC_WARN_UNUSED_VARIABLE = YES;
				IPHONEOS_DEPLOYMENT_TARGET = 15.2;
				MTL_ENABLE_DEBUG_INFO = NO;
				MTL_FAST_MATH = YES;
				SDKROOT = iphoneos;
				SWIFT_COMPILATION_MODE = wholemodule;
				SWIFT_OPTIMIZATION_LEVEL = "-O";
				VALIDATE_PRODUCT = YES;
			};
			name = Release;
		};
		D398E87D27BC3DD900C35D38 /* Debug */ = {
			isa = XCBuildConfiguration;
			buildSettings = {
				ASSETCATALOG_COMPILER_APPICON_NAME = AppIcon;
				ASSETCATALOG_COMPILER_GLOBAL_ACCENT_COLOR_NAME = AccentColor;
				CODE_SIGN_STYLE = Automatic;
				CURRENT_PROJECT_VERSION = 1;
				DEVELOPMENT_ASSET_PATHS = "\"VIBRUNCE/Preview Content\"";
				DEVELOPMENT_TEAM = 87Z57BMPXA;
				ENABLE_PREVIEWS = YES;
				GENERATE_INFOPLIST_FILE = YES;
				INFOPLIST_FILE = VIBRUNCE/Info.plist;
				INFOPLIST_KEY_NSFaceIDUsageDescription = "Allow Face ID for auto credential usage";
				INFOPLIST_KEY_NSLocationWhenInUseUsageDescription = "This app needs your location to track metrics and connect you with other runners";
				INFOPLIST_KEY_UIApplicationSceneManifest_Generation = YES;
				INFOPLIST_KEY_UIApplicationSupportsIndirectInputEvents = YES;
				INFOPLIST_KEY_UILaunchScreen_Generation = YES;
				INFOPLIST_KEY_UISupportedInterfaceOrientations_iPad = "UIInterfaceOrientationPortrait UIInterfaceOrientationPortraitUpsideDown UIInterfaceOrientationLandscapeLeft UIInterfaceOrientationLandscapeRight";
				INFOPLIST_KEY_UISupportedInterfaceOrientations_iPhone = "UIInterfaceOrientationPortrait UIInterfaceOrientationLandscapeLeft UIInterfaceOrientationLandscapeRight";
				LD_RUNPATH_SEARCH_PATHS = (
					"$(inherited)",
					"@executable_path/Frameworks",
				);
				MARKETING_VERSION = 1.0;
				PRODUCT_BUNDLE_IDENTIFIER = com.nayukumbham.VIBRUNCE;
				PRODUCT_NAME = "$(TARGET_NAME)";
				SWIFT_EMIT_LOC_STRINGS = YES;
				SWIFT_VERSION = 5.0;
				TARGETED_DEVICE_FAMILY = "1,2";
			};
			name = Debug;
		};
		D398E87E27BC3DD900C35D38 /* Release */ = {
			isa = XCBuildConfiguration;
			buildSettings = {
				ASSETCATALOG_COMPILER_APPICON_NAME = AppIcon;
				ASSETCATALOG_COMPILER_GLOBAL_ACCENT_COLOR_NAME = AccentColor;
				CODE_SIGN_STYLE = Automatic;
				CURRENT_PROJECT_VERSION = 1;
				DEVELOPMENT_ASSET_PATHS = "\"VIBRUNCE/Preview Content\"";
				DEVELOPMENT_TEAM = 87Z57BMPXA;
				ENABLE_PREVIEWS = YES;
				GENERATE_INFOPLIST_FILE = YES;
				INFOPLIST_FILE = VIBRUNCE/Info.plist;
				INFOPLIST_KEY_NSFaceIDUsageDescription = "Allow Face ID for auto credential usage";
				INFOPLIST_KEY_NSLocationWhenInUseUsageDescription = "This app needs your location to track metrics and connect you with other runners";
				INFOPLIST_KEY_UIApplicationSceneManifest_Generation = YES;
				INFOPLIST_KEY_UIApplicationSupportsIndirectInputEvents = YES;
				INFOPLIST_KEY_UILaunchScreen_Generation = YES;
				INFOPLIST_KEY_UISupportedInterfaceOrientations_iPad = "UIInterfaceOrientationPortrait UIInterfaceOrientationPortraitUpsideDown UIInterfaceOrientationLandscapeLeft UIInterfaceOrientationLandscapeRight";
				INFOPLIST_KEY_UISupportedInterfaceOrientations_iPhone = "UIInterfaceOrientationPortrait UIInterfaceOrientationLandscapeLeft UIInterfaceOrientationLandscapeRight";
				LD_RUNPATH_SEARCH_PATHS = (
					"$(inherited)",
					"@executable_path/Frameworks",
				);
				MARKETING_VERSION = 1.0;
				PRODUCT_BUNDLE_IDENTIFIER = com.nayukumbham.VIBRUNCE;
				PRODUCT_NAME = "$(TARGET_NAME)";
				SWIFT_EMIT_LOC_STRINGS = YES;
				SWIFT_VERSION = 5.0;
				TARGETED_DEVICE_FAMILY = "1,2";
			};
			name = Release;
		};
		D398E88027BC3DD900C35D38 /* Debug */ = {
			isa = XCBuildConfiguration;
			buildSettings = {
				ALWAYS_EMBED_SWIFT_STANDARD_LIBRARIES = YES;
				BUNDLE_LOADER = "$(TEST_HOST)";
				CODE_SIGN_STYLE = Automatic;
				CURRENT_PROJECT_VERSION = 1;
				DEVELOPMENT_TEAM = 87Z57BMPXA;
				GENERATE_INFOPLIST_FILE = YES;
				IPHONEOS_DEPLOYMENT_TARGET = 15.2;
				MARKETING_VERSION = 1.0;
				PRODUCT_BUNDLE_IDENTIFIER = com.nayukumbham.VIBRUNCETests;
				PRODUCT_NAME = "$(TARGET_NAME)";
				SWIFT_EMIT_LOC_STRINGS = NO;
				SWIFT_VERSION = 5.0;
				TARGETED_DEVICE_FAMILY = "1,2";
				TEST_HOST = "$(BUILT_PRODUCTS_DIR)/VIBRUNCE.app/VIBRUNCE";
			};
			name = Debug;
		};
		D398E88127BC3DD900C35D38 /* Release */ = {
			isa = XCBuildConfiguration;
			buildSettings = {
				ALWAYS_EMBED_SWIFT_STANDARD_LIBRARIES = YES;
				BUNDLE_LOADER = "$(TEST_HOST)";
				CODE_SIGN_STYLE = Automatic;
				CURRENT_PROJECT_VERSION = 1;
				DEVELOPMENT_TEAM = 87Z57BMPXA;
				GENERATE_INFOPLIST_FILE = YES;
				IPHONEOS_DEPLOYMENT_TARGET = 15.2;
				MARKETING_VERSION = 1.0;
				PRODUCT_BUNDLE_IDENTIFIER = com.nayukumbham.VIBRUNCETests;
				PRODUCT_NAME = "$(TARGET_NAME)";
				SWIFT_EMIT_LOC_STRINGS = NO;
				SWIFT_VERSION = 5.0;
				TARGETED_DEVICE_FAMILY = "1,2";
				TEST_HOST = "$(BUILT_PRODUCTS_DIR)/VIBRUNCE.app/VIBRUNCE";
			};
			name = Release;
		};
		D398E88327BC3DD900C35D38 /* Debug */ = {
			isa = XCBuildConfiguration;
			buildSettings = {
				ALWAYS_EMBED_SWIFT_STANDARD_LIBRARIES = YES;
				CODE_SIGN_STYLE = Automatic;
				CURRENT_PROJECT_VERSION = 1;
				DEVELOPMENT_TEAM = 87Z57BMPXA;
				GENERATE_INFOPLIST_FILE = YES;
				MARKETING_VERSION = 1.0;
				PRODUCT_BUNDLE_IDENTIFIER = com.nayukumbham.VIBRUNCEUITests;
				PRODUCT_NAME = "$(TARGET_NAME)";
				SWIFT_EMIT_LOC_STRINGS = NO;
				SWIFT_VERSION = 5.0;
				TARGETED_DEVICE_FAMILY = "1,2";
				TEST_TARGET_NAME = VIBRUNCE;
			};
			name = Debug;
		};
		D398E88427BC3DD900C35D38 /* Release */ = {
			isa = XCBuildConfiguration;
			buildSettings = {
				ALWAYS_EMBED_SWIFT_STANDARD_LIBRARIES = YES;
				CODE_SIGN_STYLE = Automatic;
				CURRENT_PROJECT_VERSION = 1;
				DEVELOPMENT_TEAM = 87Z57BMPXA;
				GENERATE_INFOPLIST_FILE = YES;
				MARKETING_VERSION = 1.0;
				PRODUCT_BUNDLE_IDENTIFIER = com.nayukumbham.VIBRUNCEUITests;
				PRODUCT_NAME = "$(TARGET_NAME)";
				SWIFT_EMIT_LOC_STRINGS = NO;
				SWIFT_VERSION = 5.0;
				TARGETED_DEVICE_FAMILY = "1,2";
				TEST_TARGET_NAME = VIBRUNCE;
			};
			name = Release;
		};
/* End XCBuildConfiguration section */

/* Begin XCConfigurationList section */
		D398E85327BC3DD600C35D38 /* Build configuration list for PBXProject "VIBRUNCE" */ = {
			isa = XCConfigurationList;
			buildConfigurations = (
				D398E87A27BC3DD900C35D38 /* Debug */,
				D398E87B27BC3DD900C35D38 /* Release */,
			);
			defaultConfigurationIsVisible = 0;
			defaultConfigurationName = Release;
		};
		D398E87C27BC3DD900C35D38 /* Build configuration list for PBXNativeTarget "VIBRUNCE" */ = {
			isa = XCConfigurationList;
			buildConfigurations = (
				D398E87D27BC3DD900C35D38 /* Debug */,
				D398E87E27BC3DD900C35D38 /* Release */,
			);
			defaultConfigurationIsVisible = 0;
			defaultConfigurationName = Release;
		};
		D398E87F27BC3DD900C35D38 /* Build configuration list for PBXNativeTarget "VIBRUNCETests" */ = {
			isa = XCConfigurationList;
			buildConfigurations = (
				D398E88027BC3DD900C35D38 /* Debug */,
				D398E88127BC3DD900C35D38 /* Release */,
			);
			defaultConfigurationIsVisible = 0;
			defaultConfigurationName = Release;
		};
		D398E88227BC3DD900C35D38 /* Build configuration list for PBXNativeTarget "VIBRUNCEUITests" */ = {
			isa = XCConfigurationList;
			buildConfigurations = (
				D398E88327BC3DD900C35D38 /* Debug */,
				D398E88427BC3DD900C35D38 /* Release */,
			);
			defaultConfigurationIsVisible = 0;
			defaultConfigurationName = Release;
		};
/* End XCConfigurationList section */
	};
	rootObject = D398E85027BC3DD600C35D38 /* Project object */;
}
